// !$*UTF8*$!
{
	archiveVersion = 1;
	classes = {
	};
	objectVersion = 60;
	objects = {

/* Begin PBXBuildFile section */
		2F09FFA12A5DACBF0083399A /* MyLibrary_Example_WatchApp.swift in Sources */ = {isa = PBXBuildFile; fileRef = 2F09FFA02A5DACBF0083399A /* MyLibrary_Example_WatchApp.swift */; };
		2F09FFA32A5DACBF0083399A /* ContentView.swift in Sources */ = {isa = PBXBuildFile; fileRef = 2F09FFA22A5DACBF0083399A /* ContentView.swift */; };
		2F09FFA52A5DACC00083399A /* Assets.xcassets in Resources */ = {isa = PBXBuildFile; fileRef = 2F09FFA42A5DACC00083399A /* Assets.xcassets */; };
		2F09FFA82A5DACC00083399A /* Preview Assets.xcassets in Resources */ = {isa = PBXBuildFile; fileRef = 2F09FFA72A5DACC00083399A /* Preview Assets.xcassets */; };
		2F09FFAB2A5DACC00083399A /* MyLibrary-Example Watch Watch App.app in Embed Watch Content */ = {isa = PBXBuildFile; fileRef = 2F09FF9E2A5DACBF0083399A /* MyLibrary-Example Watch Watch App.app */; settings = {ATTRIBUTES = (RemoveHeadersOnCopy, ); }; };
		2F09FFB22A5DAD150083399A /* MyLibrary in Frameworks */ = {isa = PBXBuildFile; productRef = 2F09FFB12A5DAD150083399A /* MyLibrary */; };
		2F09FFB52A5DAD2C0083399A /* MyLibrary in Frameworks */ = {isa = PBXBuildFile; productRef = 2F09FFB42A5DAD2C0083399A /* MyLibrary */; };
		2F09FFB82A5DADA50083399A /* MyLibrary in Frameworks */ = {isa = PBXBuildFile; productRef = 2F09FFB72A5DADA50083399A /* MyLibrary */; };
		2FA181E42A5DAA280085FB1A /* MyLibrary_ExampleApp.swift in Sources */ = {isa = PBXBuildFile; fileRef = 2FA181E32A5DAA280085FB1A /* MyLibrary_ExampleApp.swift */; };
		2FA181E62A5DAA280085FB1A /* ContentView.swift in Sources */ = {isa = PBXBuildFile; fileRef = 2FA181E52A5DAA280085FB1A /* ContentView.swift */; };
		2FA181E82A5DAA290085FB1A /* Assets.xcassets in Resources */ = {isa = PBXBuildFile; fileRef = 2FA181E72A5DAA290085FB1A /* Assets.xcassets */; };
		2FA181EB2A5DAA290085FB1A /* Preview Assets.xcassets in Resources */ = {isa = PBXBuildFile; fileRef = 2FA181EA2A5DAA290085FB1A /* Preview Assets.xcassets */; };
/* End PBXBuildFile section */

/* Begin PBXContainerItemProxy section */
		2F09FFA92A5DACC00083399A /* PBXContainerItemProxy */ = {
			isa = PBXContainerItemProxy;
			containerPortal = 2FA181D82A5DAA280085FB1A /* Project object */;
			proxyType = 1;
			remoteGlobalIDString = 2F09FF9D2A5DACBF0083399A;
			remoteInfo = "MyLibrary-Example Watch Watch App";
		};
/* End PBXContainerItemProxy section */

/* Begin PBXCopyFilesBuildPhase section */
		2F09FFAC2A5DACC00083399A /* Embed Watch Content */ = {
			isa = PBXCopyFilesBuildPhase;
			buildActionMask = 2147483647;
			dstPath = "$(CONTENTS_FOLDER_PATH)/Watch";
			dstSubfolderSpec = 16;
			files = (
				2F09FFAB2A5DACC00083399A /* MyLibrary-Example Watch Watch App.app in Embed Watch Content */,
			);
			name = "Embed Watch Content";
			runOnlyForDeploymentPostprocessing = 0;
		};
/* End PBXCopyFilesBuildPhase section */

/* Begin PBXFileReference section */
		2F09FF9E2A5DACBF0083399A /* MyLibrary-Example Watch Watch App.app */ = {isa = PBXFileReference; explicitFileType = wrapper.application; includeInIndex = 0; path = "MyLibrary-Example Watch Watch App.app"; sourceTree = BUILT_PRODUCTS_DIR; };
		2F09FFA02A5DACBF0083399A /* MyLibrary_Example_WatchApp.swift */ = {isa = PBXFileReference; lastKnownFileType = sourcecode.swift; path = MyLibrary_Example_WatchApp.swift; sourceTree = "<group>"; };
		2F09FFA22A5DACBF0083399A /* ContentView.swift */ = {isa = PBXFileReference; lastKnownFileType = sourcecode.swift; path = ContentView.swift; sourceTree = "<group>"; };
		2F09FFA42A5DACC00083399A /* Assets.xcassets */ = {isa = PBXFileReference; lastKnownFileType = folder.assetcatalog; path = Assets.xcassets; sourceTree = "<group>"; };
		2F09FFA72A5DACC00083399A /* Preview Assets.xcassets */ = {isa = PBXFileReference; lastKnownFileType = folder.assetcatalog; path = "Preview Assets.xcassets"; sourceTree = "<group>"; };
		2FA181E02A5DAA280085FB1A /* MyLibrary-Example.app */ = {isa = PBXFileReference; explicitFileType = wrapper.application; includeInIndex = 0; path = "MyLibrary-Example.app"; sourceTree = BUILT_PRODUCTS_DIR; };
		2FA181E32A5DAA280085FB1A /* MyLibrary_ExampleApp.swift */ = {isa = PBXFileReference; lastKnownFileType = sourcecode.swift; path = MyLibrary_ExampleApp.swift; sourceTree = "<group>"; };
		2FA181E52A5DAA280085FB1A /* ContentView.swift */ = {isa = PBXFileReference; lastKnownFileType = sourcecode.swift; path = ContentView.swift; sourceTree = "<group>"; };
		2FA181E72A5DAA290085FB1A /* Assets.xcassets */ = {isa = PBXFileReference; lastKnownFileType = folder.assetcatalog; path = Assets.xcassets; sourceTree = "<group>"; };
		2FA181EA2A5DAA290085FB1A /* Preview Assets.xcassets */ = {isa = PBXFileReference; lastKnownFileType = folder.assetcatalog; path = "Preview Assets.xcassets"; sourceTree = "<group>"; };
/* End PBXFileReference section */

/* Begin PBXFrameworksBuildPhase section */
		2F09FF9B2A5DACBF0083399A /* Frameworks */ = {
			isa = PBXFrameworksBuildPhase;
			buildActionMask = 2147483647;
			files = (
				2F09FFB82A5DADA50083399A /* MyLibrary in Frameworks */,
			);
			runOnlyForDeploymentPostprocessing = 0;
		};
		2FA181DD2A5DAA280085FB1A /* Frameworks */ = {
			isa = PBXFrameworksBuildPhase;
			buildActionMask = 2147483647;
			files = (
				2F09FFB52A5DAD2C0083399A /* MyLibrary in Frameworks */,
				2F09FFB22A5DAD150083399A /* MyLibrary in Frameworks */,
			);
			runOnlyForDeploymentPostprocessing = 0;
		};
/* End PBXFrameworksBuildPhase section */

/* Begin PBXGroup section */
		2F09FF9F2A5DACBF0083399A /* MyLibrary-Example Watch Watch App */ = {
			isa = PBXGroup;
			children = (
				2F09FFA02A5DACBF0083399A /* MyLibrary_Example_WatchApp.swift */,
				2F09FFA22A5DACBF0083399A /* ContentView.swift */,
				2F09FFA42A5DACC00083399A /* Assets.xcassets */,
				2F09FFA62A5DACC00083399A /* Preview Content */,
			);
			path = "MyLibrary-Example Watch Watch App";
			sourceTree = "<group>";
		};
		2F09FFA62A5DACC00083399A /* Preview Content */ = {
			isa = PBXGroup;
			children = (
				2F09FFA72A5DACC00083399A /* Preview Assets.xcassets */,
			);
			path = "Preview Content";
			sourceTree = "<group>";
		};
		2FA181D72A5DAA280085FB1A = {
			isa = PBXGroup;
			children = (
				2FA181E22A5DAA280085FB1A /* MyLibrary-Example */,
				2F09FF9F2A5DACBF0083399A /* MyLibrary-Example Watch Watch App */,
				2FA181E12A5DAA280085FB1A /* Products */,
			);
			sourceTree = "<group>";
		};
		2FA181E12A5DAA280085FB1A /* Products */ = {
			isa = PBXGroup;
			children = (
				2FA181E02A5DAA280085FB1A /* MyLibrary-Example.app */,
				2F09FF9E2A5DACBF0083399A /* MyLibrary-Example Watch Watch App.app */,
			);
			name = Products;
			sourceTree = "<group>";
		};
		2FA181E22A5DAA280085FB1A /* MyLibrary-Example */ = {
			isa = PBXGroup;
			children = (
				2FA181E32A5DAA280085FB1A /* MyLibrary_ExampleApp.swift */,
				2FA181E52A5DAA280085FB1A /* ContentView.swift */,
				2FA181E72A5DAA290085FB1A /* Assets.xcassets */,
				2FA181E92A5DAA290085FB1A /* Preview Content */,
			);
			path = "MyLibrary-Example";
			sourceTree = "<group>";
		};
		2FA181E92A5DAA290085FB1A /* Preview Content */ = {
			isa = PBXGroup;
			children = (
				2FA181EA2A5DAA290085FB1A /* Preview Assets.xcassets */,
			);
			path = "Preview Content";
			sourceTree = "<group>";
		};
/* End PBXGroup section */

/* Begin PBXNativeTarget section */
		2F09FF9D2A5DACBF0083399A /* MyLibrary-Example Watch Watch App */ = {
			isa = PBXNativeTarget;
			buildConfigurationList = 2F09FFAF2A5DACC00083399A /* Build configuration list for PBXNativeTarget "MyLibrary-Example Watch Watch App" */;
			buildPhases = (
				2F09FF9A2A5DACBF0083399A /* Sources */,
				2F09FF9B2A5DACBF0083399A /* Frameworks */,
				2F09FF9C2A5DACBF0083399A /* Resources */,
			);
			buildRules = (
			);
			dependencies = (
			);
			name = "MyLibrary-Example Watch Watch App";
			packageProductDependencies = (
				2F09FFB72A5DADA50083399A /* MyLibrary */,
			);
			productName = "MyLibrary-Example Watch Watch App";
			productReference = 2F09FF9E2A5DACBF0083399A /* MyLibrary-Example Watch Watch App.app */;
			productType = "com.apple.product-type.application";
		};
		2FA181DF2A5DAA280085FB1A /* MyLibrary-Example */ = {
			isa = PBXNativeTarget;
			buildConfigurationList = 2FA181EE2A5DAA290085FB1A /* Build configuration list for PBXNativeTarget "MyLibrary-Example" */;
			buildPhases = (
				2FA181DC2A5DAA280085FB1A /* Sources */,
				2FA181DD2A5DAA280085FB1A /* Frameworks */,
				2FA181DE2A5DAA280085FB1A /* Resources */,
				2F09FFAC2A5DACC00083399A /* Embed Watch Content */,
			);
			buildRules = (
			);
			dependencies = (
				2F09FFAA2A5DACC00083399A /* PBXTargetDependency */,
			);
			name = "MyLibrary-Example";
			packageProductDependencies = (
				2F09FFB12A5DAD150083399A /* MyLibrary */,
				2F09FFB42A5DAD2C0083399A /* MyLibrary */,
			);
			productName = "MyLibrary-Example";
			productReference = 2FA181E02A5DAA280085FB1A /* MyLibrary-Example.app */;
			productType = "com.apple.product-type.application";
		};
/* End PBXNativeTarget section */

/* Begin PBXProject section */
		2FA181D82A5DAA280085FB1A /* Project object */ = {
			isa = PBXProject;
			attributes = {
				BuildIndependentTargetsInParallel = 1;
				LastSwiftUpdateCheck = 1500;
				LastUpgradeCheck = 1500;
				TargetAttributes = {
					2F09FF9D2A5DACBF0083399A = {
						CreatedOnToolsVersion = 15.0;
					};
					2FA181DF2A5DAA280085FB1A = {
						CreatedOnToolsVersion = 15.0;
					};
				};
			};
			buildConfigurationList = 2FA181DB2A5DAA280085FB1A /* Build configuration list for PBXProject "MyLibrary-Example" */;
			compatibilityVersion = "Xcode 14.0";
			developmentRegion = en;
			hasScannedForEncodings = 0;
			knownRegions = (
				en,
				Base,
			);
			mainGroup = 2FA181D72A5DAA280085FB1A;
			packageReferences = (
				2F09FFB02A5DAD150083399A /* XCLocalSwiftPackageReference ".." */,
				2F09FFB32A5DAD2C0083399A /* XCLocalSwiftPackageReference ".." */,
				2F09FFB62A5DADA40083399A /* XCLocalSwiftPackageReference ".." */,
			);
			productRefGroup = 2FA181E12A5DAA280085FB1A /* Products */;
			projectDirPath = "";
			projectRoot = "";
			targets = (
				2FA181DF2A5DAA280085FB1A /* MyLibrary-Example */,
				2F09FF9D2A5DACBF0083399A /* MyLibrary-Example Watch Watch App */,
			);
		};
/* End PBXProject section */

/* Begin PBXResourcesBuildPhase section */
		2F09FF9C2A5DACBF0083399A /* Resources */ = {
			isa = PBXResourcesBuildPhase;
			buildActionMask = 2147483647;
			files = (
				2F09FFA82A5DACC00083399A /* Preview Assets.xcassets in Resources */,
				2F09FFA52A5DACC00083399A /* Assets.xcassets in Resources */,
			);
			runOnlyForDeploymentPostprocessing = 0;
		};
		2FA181DE2A5DAA280085FB1A /* Resources */ = {
			isa = PBXResourcesBuildPhase;
			buildActionMask = 2147483647;
			files = (
				2FA181EB2A5DAA290085FB1A /* Preview Assets.xcassets in Resources */,
				2FA181E82A5DAA290085FB1A /* Assets.xcassets in Resources */,
			);
			runOnlyForDeploymentPostprocessing = 0;
		};
/* End PBXResourcesBuildPhase section */

/* Begin PBXSourcesBuildPhase section */
		2F09FF9A2A5DACBF0083399A /* Sources */ = {
			isa = PBXSourcesBuildPhase;
			buildActionMask = 2147483647;
			files = (
				2F09FFA32A5DACBF0083399A /* ContentView.swift in Sources */,
				2F09FFA12A5DACBF0083399A /* MyLibrary_Example_WatchApp.swift in Sources */,
			);
			runOnlyForDeploymentPostprocessing = 0;
		};
		2FA181DC2A5DAA280085FB1A /* Sources */ = {
			isa = PBXSourcesBuildPhase;
			buildActionMask = 2147483647;
			files = (
				2FA181E62A5DAA280085FB1A /* ContentView.swift in Sources */,
				2FA181E42A5DAA280085FB1A /* MyLibrary_ExampleApp.swift in Sources */,
			);
			runOnlyForDeploymentPostprocessing = 0;
		};
/* End PBXSourcesBuildPhase section */

/* Begin PBXTargetDependency section */
		2F09FFAA2A5DACC00083399A /* PBXTargetDependency */ = {
			isa = PBXTargetDependency;
			target = 2F09FF9D2A5DACBF0083399A /* MyLibrary-Example Watch Watch App */;
			targetProxy = 2F09FFA92A5DACC00083399A /* PBXContainerItemProxy */;
		};
/* End PBXTargetDependency section */

/* Begin XCBuildConfiguration section */
		2F09FFAD2A5DACC00083399A /* Debug */ = {
			isa = XCBuildConfiguration;
			buildSettings = {
				ASSETCATALOG_COMPILER_APPICON_NAME = AppIcon;
				ASSETCATALOG_COMPILER_GLOBAL_ACCENT_COLOR_NAME = AccentColor;
				CODE_SIGN_STYLE = Automatic;
				CURRENT_PROJECT_VERSION = 1;
				DEVELOPMENT_ASSET_PATHS = "\"MyLibrary-Example Watch Watch App/Preview Content\"";
				ENABLE_PREVIEWS = YES;
				EXCLUDED_ARCHS = arm64;
				GENERATE_INFOPLIST_FILE = YES;
				INFOPLIST_KEY_CFBundleDisplayName = "MyLibrary-Example Watch";
				INFOPLIST_KEY_UISupportedInterfaceOrientations = "UIInterfaceOrientationPortrait UIInterfaceOrientationPortraitUpsideDown";
				INFOPLIST_KEY_WKCompanionAppBundleIdentifier = "wotjd.MyLibrary-Example";
				LD_RUNPATH_SEARCH_PATHS = (
					"$(inherited)",
					"@executable_path/Frameworks",
				);
				MARKETING_VERSION = 1.0;
				PRODUCT_BUNDLE_IDENTIFIER = "wotjd.MyLibrary-Example.watchkitapp";
				PRODUCT_NAME = "$(TARGET_NAME)";
				SDKROOT = watchos;
				SKIP_INSTALL = YES;
				SWIFT_EMIT_LOC_STRINGS = YES;
				SWIFT_VERSION = 5.0;
				TARGETED_DEVICE_FAMILY = 4;
				WATCHOS_DEPLOYMENT_TARGET = 10.0;
			};
			name = Debug;
		};
		2F09FFAE2A5DACC00083399A /* Release */ = {
			isa = XCBuildConfiguration;
			buildSettings = {
				ASSETCATALOG_COMPILER_APPICON_NAME = AppIcon;
				ASSETCATALOG_COMPILER_GLOBAL_ACCENT_COLOR_NAME = AccentColor;
				CODE_SIGN_STYLE = Automatic;
				CURRENT_PROJECT_VERSION = 1;
				DEVELOPMENT_ASSET_PATHS = "\"MyLibrary-Example Watch Watch App/Preview Content\"";
				ENABLE_PREVIEWS = YES;
				EXCLUDED_ARCHS = arm64;
				GENERATE_INFOPLIST_FILE = YES;
				INFOPLIST_KEY_CFBundleDisplayName = "MyLibrary-Example Watch";
				INFOPLIST_KEY_UISupportedInterfaceOrientations = "UIInterfaceOrientationPortrait UIInterfaceOrientationPortraitUpsideDown";
				INFOPLIST_KEY_WKCompanionAppBundleIdentifier = "wotjd.MyLibrary-Example";
				LD_RUNPATH_SEARCH_PATHS = (
					"$(inherited)",
					"@executable_path/Frameworks",
				);
				MARKETING_VERSION = 1.0;
				PRODUCT_BUNDLE_IDENTIFIER = "wotjd.MyLibrary-Example.watchkitapp";
				PRODUCT_NAME = "$(TARGET_NAME)";
				SDKROOT = watchos;
				SKIP_INSTALL = YES;
				SWIFT_EMIT_LOC_STRINGS = YES;
				SWIFT_VERSION = 5.0;
				TARGETED_DEVICE_FAMILY = 4;
				WATCHOS_DEPLOYMENT_TARGET = 10.0;
			};
			name = Release;
		};
		2FA181EC2A5DAA290085FB1A /* Debug */ = {
			isa = XCBuildConfiguration;
			buildSettings = {
				ALWAYS_SEARCH_USER_PATHS = NO;
				ASSETCATALOG_COMPILER_GENERATE_SWIFT_ASSET_SYMBOL_EXTENSIONS = YES;
				CLANG_ANALYZER_NONNULL = YES;
				CLANG_ANALYZER_NUMBER_OBJECT_CONVERSION = YES_AGGRESSIVE;
				CLANG_CXX_LANGUAGE_STANDARD = "gnu++20";
				CLANG_ENABLE_MODULES = YES;
				CLANG_ENABLE_OBJC_ARC = YES;
				CLANG_ENABLE_OBJC_WEAK = YES;
				CLANG_WARN_BLOCK_CAPTURE_AUTORELEASING = YES;
				CLANG_WARN_BOOL_CONVERSION = YES;
				CLANG_WARN_COMMA = YES;
				CLANG_WARN_CONSTANT_CONVERSION = YES;
				CLANG_WARN_DEPRECATED_OBJC_IMPLEMENTATIONS = YES;
				CLANG_WARN_DIRECT_OBJC_ISA_USAGE = YES_ERROR;
				CLANG_WARN_DOCUMENTATION_COMMENTS = YES;
				CLANG_WARN_EMPTY_BODY = YES;
				CLANG_WARN_ENUM_CONVERSION = YES;
				CLANG_WARN_INFINITE_RECURSION = YES;
				CLANG_WARN_INT_CONVERSION = YES;
				CLANG_WARN_NON_LITERAL_NULL_CONVERSION = YES;
				CLANG_WARN_OBJC_IMPLICIT_RETAIN_SELF = YES;
				CLANG_WARN_OBJC_LITERAL_CONVERSION = YES;
				CLANG_WARN_OBJC_ROOT_CLASS = YES_ERROR;
				CLANG_WARN_QUOTED_INCLUDE_IN_FRAMEWORK_HEADER = YES;
				CLANG_WARN_RANGE_LOOP_ANALYSIS = YES;
				CLANG_WARN_STRICT_PROTOTYPES = YES;
				CLANG_WARN_SUSPICIOUS_MOVE = YES;
				CLANG_WARN_UNGUARDED_AVAILABILITY = YES_AGGRESSIVE;
				CLANG_WARN_UNREACHABLE_CODE = YES;
				CLANG_WARN__DUPLICATE_METHOD_MATCH = YES;
				COPY_PHASE_STRIP = NO;
				DEBUG_INFORMATION_FORMAT = dwarf;
				ENABLE_STRICT_OBJC_MSGSEND = YES;
				ENABLE_TESTABILITY = YES;
				ENABLE_USER_SCRIPT_SANDBOXING = YES;
				GCC_C_LANGUAGE_STANDARD = gnu17;
				GCC_DYNAMIC_NO_PIC = NO;
				GCC_NO_COMMON_BLOCKS = YES;
				GCC_OPTIMIZATION_LEVEL = 0;
				GCC_PREPROCESSOR_DEFINITIONS = (
					"DEBUG=1",
					"$(inherited)",
				);
				GCC_WARN_64_TO_32_BIT_CONVERSION = YES;
				GCC_WARN_ABOUT_RETURN_TYPE = YES_ERROR;
				GCC_WARN_UNDECLARED_SELECTOR = YES;
				GCC_WARN_UNINITIALIZED_AUTOS = YES_AGGRESSIVE;
				GCC_WARN_UNUSED_FUNCTION = YES;
				GCC_WARN_UNUSED_VARIABLE = YES;
				IPHONEOS_DEPLOYMENT_TARGET = 17.0;
				LOCALIZATION_PREFERS_STRING_CATALOGS = YES;
				MTL_ENABLE_DEBUG_INFO = INCLUDE_SOURCE;
				MTL_FAST_MATH = YES;
				ONLY_ACTIVE_ARCH = YES;
				SDKROOT = iphoneos;
				SWIFT_ACTIVE_COMPILATION_CONDITIONS = "DEBUG $(inherited)";
				SWIFT_OPTIMIZATION_LEVEL = "-Onone";
			};
			name = Debug;
		};
		2FA181ED2A5DAA290085FB1A /* Release */ = {
			isa = XCBuildConfiguration;
			buildSettings = {
				ALWAYS_SEARCH_USER_PATHS = NO;
				ASSETCATALOG_COMPILER_GENERATE_SWIFT_ASSET_SYMBOL_EXTENSIONS = YES;
				CLANG_ANALYZER_NONNULL = YES;
				CLANG_ANALYZER_NUMBER_OBJECT_CONVERSION = YES_AGGRESSIVE;
				CLANG_CXX_LANGUAGE_STANDARD = "gnu++20";
				CLANG_ENABLE_MODULES = YES;
				CLANG_ENABLE_OBJC_ARC = YES;
				CLANG_ENABLE_OBJC_WEAK = YES;
				CLANG_WARN_BLOCK_CAPTURE_AUTORELEASING = YES;
				CLANG_WARN_BOOL_CONVERSION = YES;
				CLANG_WARN_COMMA = YES;
				CLANG_WARN_CONSTANT_CONVERSION = YES;
				CLANG_WARN_DEPRECATED_OBJC_IMPLEMENTATIONS = YES;
				CLANG_WARN_DIRECT_OBJC_ISA_USAGE = YES_ERROR;
				CLANG_WARN_DOCUMENTATION_COMMENTS = YES;
				CLANG_WARN_EMPTY_BODY = YES;
				CLANG_WARN_ENUM_CONVERSION = YES;
				CLANG_WARN_INFINITE_RECURSION = YES;
				CLANG_WARN_INT_CONVERSION = YES;
				CLANG_WARN_NON_LITERAL_NULL_CONVERSION = YES;
				CLANG_WARN_OBJC_IMPLICIT_RETAIN_SELF = YES;
				CLANG_WARN_OBJC_LITERAL_CONVERSION = YES;
				CLANG_WARN_OBJC_ROOT_CLASS = YES_ERROR;
				CLANG_WARN_QUOTED_INCLUDE_IN_FRAMEWORK_HEADER = YES;
				CLANG_WARN_RANGE_LOOP_ANALYSIS = YES;
				CLANG_WARN_STRICT_PROTOTYPES = YES;
				CLANG_WARN_SUSPICIOUS_MOVE = YES;
				CLANG_WARN_UNGUARDED_AVAILABILITY = YES_AGGRESSIVE;
				CLANG_WARN_UNREACHABLE_CODE = YES;
				CLANG_WARN__DUPLICATE_METHOD_MATCH = YES;
				COPY_PHASE_STRIP = NO;
				DEBUG_INFORMATION_FORMAT = "dwarf-with-dsym";
				ENABLE_NS_ASSERTIONS = NO;
				ENABLE_STRICT_OBJC_MSGSEND = YES;
				ENABLE_USER_SCRIPT_SANDBOXING = YES;
				GCC_C_LANGUAGE_STANDARD = gnu17;
				GCC_NO_COMMON_BLOCKS = YES;
				GCC_WARN_64_TO_32_BIT_CONVERSION = YES;
				GCC_WARN_ABOUT_RETURN_TYPE = YES_ERROR;
				GCC_WARN_UNDECLARED_SELECTOR = YES;
				GCC_WARN_UNINITIALIZED_AUTOS = YES_AGGRESSIVE;
				GCC_WARN_UNUSED_FUNCTION = YES;
				GCC_WARN_UNUSED_VARIABLE = YES;
				IPHONEOS_DEPLOYMENT_TARGET = 17.0;
				LOCALIZATION_PREFERS_STRING_CATALOGS = YES;
				MTL_ENABLE_DEBUG_INFO = NO;
				MTL_FAST_MATH = YES;
				SDKROOT = iphoneos;
				SWIFT_COMPILATION_MODE = wholemodule;
				VALIDATE_PRODUCT = YES;
			};
			name = Release;
		};
		2FA181EF2A5DAA290085FB1A /* Debug */ = {
			isa = XCBuildConfiguration;
			buildSettings = {
				ALWAYS_EMBED_SWIFT_STANDARD_LIBRARIES = YES;
				ASSETCATALOG_COMPILER_APPICON_NAME = AppIcon;
				ASSETCATALOG_COMPILER_GLOBAL_ACCENT_COLOR_NAME = AccentColor;
				CODE_SIGN_STYLE = Automatic;
				CURRENT_PROJECT_VERSION = 1;
				DEVELOPMENT_ASSET_PATHS = "\"MyLibrary-Example/Preview Content\"";
				ENABLE_PREVIEWS = YES;
				EXCLUDED_ARCHS = arm64;
				GENERATE_INFOPLIST_FILE = YES;
				INFOPLIST_KEY_UIApplicationSceneManifest_Generation = YES;
				INFOPLIST_KEY_UIApplicationSupportsIndirectInputEvents = YES;
				INFOPLIST_KEY_UILaunchScreen_Generation = YES;
				INFOPLIST_KEY_UISupportedInterfaceOrientations_iPad = "UIInterfaceOrientationPortrait UIInterfaceOrientationPortraitUpsideDown UIInterfaceOrientationLandscapeLeft UIInterfaceOrientationLandscapeRight";
				INFOPLIST_KEY_UISupportedInterfaceOrientations_iPhone = "UIInterfaceOrientationPortrait UIInterfaceOrientationLandscapeLeft UIInterfaceOrientationLandscapeRight";
				LD_RUNPATH_SEARCH_PATHS = (
					"$(inherited)",
					"@executable_path/Frameworks",
				);
				MARKETING_VERSION = 1.0;
				PRODUCT_BUNDLE_IDENTIFIER = "wotjd.MyLibrary-Example";
				PRODUCT_NAME = "$(TARGET_NAME)";
				SWIFT_EMIT_LOC_STRINGS = YES;
				SWIFT_VERSION = 5.0;
				TARGETED_DEVICE_FAMILY = "1,2";
			};
			name = Debug;
		};
		2FA181F02A5DAA290085FB1A /* Release */ = {
			isa = XCBuildConfiguration;
			buildSettings = {
				ALWAYS_EMBED_SWIFT_STANDARD_LIBRARIES = YES;
				ASSETCATALOG_COMPILER_APPICON_NAME = AppIcon;
				ASSETCATALOG_COMPILER_GLOBAL_ACCENT_COLOR_NAME = AccentColor;
				CODE_SIGN_STYLE = Automatic;
				CURRENT_PROJECT_VERSION = 1;
				DEVELOPMENT_ASSET_PATHS = "\"MyLibrary-Example/Preview Content\"";
				ENABLE_PREVIEWS = YES;
				EXCLUDED_ARCHS = arm64;
				GENERATE_INFOPLIST_FILE = YES;
				INFOPLIST_KEY_UIApplicationSceneManifest_Generation = YES;
				INFOPLIST_KEY_UIApplicationSupportsIndirectInputEvents = YES;
				INFOPLIST_KEY_UILaunchScreen_Generation = YES;
				INFOPLIST_KEY_UISupportedInterfaceOrientations_iPad = "UIInterfaceOrientationPortrait UIInterfaceOrientationPortraitUpsideDown UIInterfaceOrientationLandscapeLeft UIInterfaceOrientationLandscapeRight";
				INFOPLIST_KEY_UISupportedInterfaceOrientations_iPhone = "UIInterfaceOrientationPortrait UIInterfaceOrientationLandscapeLeft UIInterfaceOrientationLandscapeRight";
				LD_RUNPATH_SEARCH_PATHS = (
					"$(inherited)",
					"@executable_path/Frameworks",
				);
				MARKETING_VERSION = 1.0;
				PRODUCT_BUNDLE_IDENTIFIER = "wotjd.MyLibrary-Example";
				PRODUCT_NAME = "$(TARGET_NAME)";
				SWIFT_EMIT_LOC_STRINGS = YES;
				SWIFT_VERSION = 5.0;
				TARGETED_DEVICE_FAMILY = "1,2";
			};
			name = Release;
		};
/* End XCBuildConfiguration section */

/* Begin XCConfigurationList section */
		2F09FFAF2A5DACC00083399A /* Build configuration list for PBXNativeTarget "MyLibrary-Example Watch Watch App" */ = {
			isa = XCConfigurationList;
			buildConfigurations = (
				2F09FFAD2A5DACC00083399A /* Debug */,
				2F09FFAE2A5DACC00083399A /* Release */,
			);
			defaultConfigurationIsVisible = 0;
			defaultConfigurationName = Release;
		};
		2FA181DB2A5DAA280085FB1A /* Build configuration list for PBXProject "MyLibrary-Example" */ = {
			isa = XCConfigurationList;
			buildConfigurations = (
				2FA181EC2A5DAA290085FB1A /* Debug */,
				2FA181ED2A5DAA290085FB1A /* Release */,
			);
			defaultConfigurationIsVisible = 0;
			defaultConfigurationName = Release;
		};
		2FA181EE2A5DAA290085FB1A /* Build configuration list for PBXNativeTarget "MyLibrary-Example" */ = {
			isa = XCConfigurationList;
			buildConfigurations = (
				2FA181EF2A5DAA290085FB1A /* Debug */,
				2FA181F02A5DAA290085FB1A /* Release */,
			);
			defaultConfigurationIsVisible = 0;
			defaultConfigurationName = Release;
		};
/* End XCConfigurationList section */

/* Begin XCLocalSwiftPackageReference section */
		2F09FFB02A5DAD150083399A /* XCLocalSwiftPackageReference ".." */ = {
			isa = XCLocalSwiftPackageReference;
			relativePath = ..;
		};
		2F09FFB32A5DAD2C0083399A /* XCLocalSwiftPackageReference ".." */ = {
			isa = XCLocalSwiftPackageReference;
			relativePath = ..;
		};
		2F09FFB62A5DADA40083399A /* XCLocalSwiftPackageReference ".." */ = {
			isa = XCLocalSwiftPackageReference;
			relativePath = ..;
		};
/* End XCLocalSwiftPackageReference section */

/* Begin XCSwiftPackageProductDependency section */
		2F09FFB12A5DAD150083399A /* MyLibrary */ = {
			isa = XCSwiftPackageProductDependency;
			productName = MyLibrary;
		};
		2F09FFB42A5DAD2C0083399A /* MyLibrary */ = {
			isa = XCSwiftPackageProductDependency;
			productName = MyLibrary;
		};
		2F09FFB72A5DADA50083399A /* MyLibrary */ = {
			isa = XCSwiftPackageProductDependency;
			productName = MyLibrary;
		};
/* End XCSwiftPackageProductDependency section */
	};
	rootObject = 2FA181D82A5DAA280085FB1A /* Project object */;
}
